// !$*UTF8*$!
{
	archiveVersion = 1;
	classes = {
	};
	objectVersion = 48;
	objects = {

/* Begin PBXBuildFile section */
		9959FED21FB6ADF800B79B64 /* SubNewsHelper.m in Sources */ = {isa = PBXBuildFile; fileRef = 9959FED11FB6ADF800B79B64 /* SubNewsHelper.m */; };
		99892B6D1FB00A6E0075E93A /* AppDelegate.m in Sources */ = {isa = PBXBuildFile; fileRef = 99892B6C1FB00A6E0075E93A /* AppDelegate.m */; };
		99892B701FB00A6E0075E93A /* ViewController.m in Sources */ = {isa = PBXBuildFile; fileRef = 99892B6F1FB00A6E0075E93A /* ViewController.m */; };
		99892B731FB00A6E0075E93A /* Main.storyboard in Resources */ = {isa = PBXBuildFile; fileRef = 99892B711FB00A6E0075E93A /* Main.storyboard */; };
		99892B751FB00A6E0075E93A /* Assets.xcassets in Resources */ = {isa = PBXBuildFile; fileRef = 99892B741FB00A6E0075E93A /* Assets.xcassets */; };
		99892B781FB00A6E0075E93A /* LaunchScreen.storyboard in Resources */ = {isa = PBXBuildFile; fileRef = 99892B761FB00A6E0075E93A /* LaunchScreen.storyboard */; };
		99892B7B1FB00A6E0075E93A /* main.m in Sources */ = {isa = PBXBuildFile; fileRef = 99892B7A1FB00A6E0075E93A /* main.m */; };
		99892B851FB00A6E0075E93A /* MHelloNestedTemplateTests.m in Sources */ = {isa = PBXBuildFile; fileRef = 99892B841FB00A6E0075E93A /* MHelloNestedTemplateTests.m */; };
		99892B901FB00A6E0075E93A /* MHelloNestedTemplateUITests.m in Sources */ = {isa = PBXBuildFile; fileRef = 99892B8F1FB00A6E0075E93A /* MHelloNestedTemplateUITests.m */; };
		99892BB91FB00BB10075E93A /* V1ViewController.m in Sources */ = {isa = PBXBuildFile; fileRef = 99892BB01FB00BB10075E93A /* V1ViewController.m */; };
		99892BBA1FB00BB10075E93A /* V2ViewController.m in Sources */ = {isa = PBXBuildFile; fileRef = 99892BB21FB00BB10075E93A /* V2ViewController.m */; };
		99892BBB1FB00BB10075E93A /* Layout.m in Sources */ = {isa = PBXBuildFile; fileRef = 99892BB51FB00BB10075E93A /* Layout.m */; };
		99892BBC1FB00BB10075E93A /* Node.m in Sources */ = {isa = PBXBuildFile; fileRef = 99892BB81FB00BB10075E93A /* Node.m */; };
		99892BD01FB00D2E0075E93A /* TempDataGenerator.m in Sources */ = {isa = PBXBuildFile; fileRef = 99892BCF1FB00D2E0075E93A /* TempDataGenerator.m */; };
		99892BD31FB0143C0075E93A /* Cell.m in Sources */ = {isa = PBXBuildFile; fileRef = 99892BD21FB0143C0075E93A /* Cell.m */; };
		99997A4E1FB03731003C8BBA /* News.m in Sources */ = {isa = PBXBuildFile; fileRef = 99997A4D1FB03731003C8BBA /* News.m */; };
		99997A611FB06133003C8BBA /* NSString+M2Size.m in Sources */ = {isa = PBXBuildFile; fileRef = 99997A601FB06133003C8BBA /* NSString+M2Size.m */; };
		99997A671FB06452003C8BBA /* News+Layout.m in Sources */ = {isa = PBXBuildFile; fileRef = 99997A661FB06452003C8BBA /* News+Layout.m */; };
		99B6ECF71FE109FB0003FD4D /* Image.m in Sources */ = {isa = PBXBuildFile; fileRef = 99B6ECF61FE109FB0003FD4D /* Image.m */; };
		99D6E6FE1FE3AAF80066A53F /* NodeLayout.m in Sources */ = {isa = PBXBuildFile; fileRef = 99D6E6FD1FE3AAF80066A53F /* NodeLayout.m */; };
		99D6E7041FE3ABFA0066A53F /* Something.m in Sources */ = {isa = PBXBuildFile; fileRef = 99D6E7031FE3ABFA0066A53F /* Something.m */; };
		99D6E7111FE3B0690066A53F /* Footer.m in Sources */ = {isa = PBXBuildFile; fileRef = 99D6E7101FE3B0690066A53F /* Footer.m */; };
		99D6E7141FE3BBA10066A53F /* Header.m in Sources */ = {isa = PBXBuildFile; fileRef = 99D6E7131FE3BBA10066A53F /* Header.m */; };
		99D6E73E1FE512790066A53F /* NormalFooter.m in Sources */ = {isa = PBXBuildFile; fileRef = 99D6E7351FE512790066A53F /* NormalFooter.m */; };
		99D6E73F1FE512790066A53F /* NormalFooterLayout.m in Sources */ = {isa = PBXBuildFile; fileRef = 99D6E7361FE512790066A53F /* NormalFooterLayout.m */; };
		99D6E7401FE512790066A53F /* TopicCompositeFooterLayout.m in Sources */ = {isa = PBXBuildFile; fileRef = 99D6E73B1FE512790066A53F /* TopicCompositeFooterLayout.m */; };
		99D6E7411FE512790066A53F /* TopicCompositeFooter.m in Sources */ = {isa = PBXBuildFile; fileRef = 99D6E73C1FE512790066A53F /* TopicCompositeFooter.m */; };
		99D6E7471FE5129B0066A53F /* TopicCompositeHeader.m in Sources */ = {isa = PBXBuildFile; fileRef = 99D6E7451FE5129B0066A53F /* TopicCompositeHeader.m */; };
		99D6E7481FE5129B0066A53F /* TopicCompositeHeaderLayout.m in Sources */ = {isa = PBXBuildFile; fileRef = 99D6E7461FE5129B0066A53F /* TopicCompositeHeaderLayout.m */; };
		99D6E75F1FE512C10066A53F /* TitleImageCell.m in Sources */ = {isa = PBXBuildFile; fileRef = 99D6E74B1FE512C10066A53F /* TitleImageCell.m */; };
		99D6E7601FE512C10066A53F /* TitleImageNode.m in Sources */ = {isa = PBXBuildFile; fileRef = 99D6E74C1FE512C10066A53F /* TitleImageNode.m */; };
		99D6E7611FE512C10066A53F /* TitleImageLayout.m in Sources */ = {isa = PBXBuildFile; fileRef = 99D6E74D1FE512C10066A53F /* TitleImageLayout.m */; };
		99D6E7621FE512C10066A53F /* TitleNode.m in Sources */ = {isa = PBXBuildFile; fileRef = 99D6E7521FE512C10066A53F /* TitleNode.m */; };
		99D6E7631FE512C10066A53F /* TitleCell.m in Sources */ = {isa = PBXBuildFile; fileRef = 99D6E7531FE512C10066A53F /* TitleCell.m */; };
		99D6E7641FE512C10066A53F /* TitleLayout.m in Sources */ = {isa = PBXBuildFile; fileRef = 99D6E7541FE512C10066A53F /* TitleLayout.m */; };
		99D6E7651FE512C10066A53F /* FriendsCell.m in Sources */ = {isa = PBXBuildFile; fileRef = 99D6E7591FE512C10066A53F /* FriendsCell.m */; };
		99D6E7661FE512C10066A53F /* FriendsNode.m in Sources */ = {isa = PBXBuildFile; fileRef = 99D6E75A1FE512C10066A53F /* FriendsNode.m */; };
		99D6E7671FE512C10066A53F /* FriendsLayout.m in Sources */ = {isa = PBXBuildFile; fileRef = 99D6E75D1FE512C10066A53F /* FriendsLayout.m */; };
		99D6E76D1FE513450066A53F /* NormalCompositeNodeHelper.m in Sources */ = {isa = PBXBuildFile; fileRef = 99D6E7691FE513450066A53F /* NormalCompositeNodeHelper.m */; };
		99D6E76E1FE513450066A53F /* NormalNodeDecorator.m in Sources */ = {isa = PBXBuildFile; fileRef = 99D6E76A1FE513450066A53F /* NormalNodeDecorator.m */; };
		99D6E7781FE516D30066A53F /* CompositeCell.m in Sources */ = {isa = PBXBuildFile; fileRef = 99D6E7741FE516D20066A53F /* CompositeCell.m */; };
		99D6E7791FE516D30066A53F /* CompositeNode.m in Sources */ = {isa = PBXBuildFile; fileRef = 99D6E7751FE516D20066A53F /* CompositeNode.m */; };
		99D6E77A1FE516D30066A53F /* CompositeNodeHelper.m in Sources */ = {isa = PBXBuildFile; fileRef = 99D6E7761FE516D20066A53F /* CompositeNodeHelper.m */; };
		99D6E77B1FE516D30066A53F /* CompositeLayout.m in Sources */ = {isa = PBXBuildFile; fileRef = 99D6E7771FE516D20066A53F /* CompositeLayout.m */; };
		99DB98341FB2E690001C4C8F /* NodeHelper.m in Sources */ = {isa = PBXBuildFile; fileRef = 99DB98331FB2E690001C4C8F /* NodeHelper.m */; };
/* End PBXBuildFile section */

/* Begin PBXContainerItemProxy section */
		99892B811FB00A6E0075E93A /* PBXContainerItemProxy */ = {
			isa = PBXContainerItemProxy;
			containerPortal = 99892B601FB00A6E0075E93A /* Project object */;
			proxyType = 1;
			remoteGlobalIDString = 99892B671FB00A6E0075E93A;
			remoteInfo = MHelloNestedTemplate;
		};
		99892B8C1FB00A6E0075E93A /* PBXContainerItemProxy */ = {
			isa = PBXContainerItemProxy;
			containerPortal = 99892B601FB00A6E0075E93A /* Project object */;
			proxyType = 1;
			remoteGlobalIDString = 99892B671FB00A6E0075E93A;
			remoteInfo = MHelloNestedTemplate;
		};
/* End PBXContainerItemProxy section */

/* Begin PBXFileReference section */
		9959FED01FB6ADF800B79B64 /* SubNewsHelper.h */ = {isa = PBXFileReference; lastKnownFileType = sourcecode.c.h; path = SubNewsHelper.h; sourceTree = "<group>"; };
		9959FED11FB6ADF800B79B64 /* SubNewsHelper.m */ = {isa = PBXFileReference; lastKnownFileType = sourcecode.c.objc; path = SubNewsHelper.m; sourceTree = "<group>"; };
		99892B681FB00A6E0075E93A /* MHelloNestedTemplate.app */ = {isa = PBXFileReference; explicitFileType = wrapper.application; includeInIndex = 0; path = MHelloNestedTemplate.app; sourceTree = BUILT_PRODUCTS_DIR; };
		99892B6B1FB00A6E0075E93A /* AppDelegate.h */ = {isa = PBXFileReference; lastKnownFileType = sourcecode.c.h; path = AppDelegate.h; sourceTree = "<group>"; };
		99892B6C1FB00A6E0075E93A /* AppDelegate.m */ = {isa = PBXFileReference; lastKnownFileType = sourcecode.c.objc; path = AppDelegate.m; sourceTree = "<group>"; };
		99892B6E1FB00A6E0075E93A /* ViewController.h */ = {isa = PBXFileReference; lastKnownFileType = sourcecode.c.h; path = ViewController.h; sourceTree = "<group>"; };
		99892B6F1FB00A6E0075E93A /* ViewController.m */ = {isa = PBXFileReference; lastKnownFileType = sourcecode.c.objc; path = ViewController.m; sourceTree = "<group>"; };
		99892B721FB00A6E0075E93A /* Base */ = {isa = PBXFileReference; lastKnownFileType = file.storyboard; name = Base; path = Base.lproj/Main.storyboard; sourceTree = "<group>"; };
		99892B741FB00A6E0075E93A /* Assets.xcassets */ = {isa = PBXFileReference; lastKnownFileType = folder.assetcatalog; path = Assets.xcassets; sourceTree = "<group>"; };
		99892B771FB00A6E0075E93A /* Base */ = {isa = PBXFileReference; lastKnownFileType = file.storyboard; name = Base; path = Base.lproj/LaunchScreen.storyboard; sourceTree = "<group>"; };
		99892B791FB00A6E0075E93A /* Info.plist */ = {isa = PBXFileReference; lastKnownFileType = text.plist.xml; path = Info.plist; sourceTree = "<group>"; };
		99892B7A1FB00A6E0075E93A /* main.m */ = {isa = PBXFileReference; lastKnownFileType = sourcecode.c.objc; path = main.m; sourceTree = "<group>"; };
		99892B801FB00A6E0075E93A /* MHelloNestedTemplateTests.xctest */ = {isa = PBXFileReference; explicitFileType = wrapper.cfbundle; includeInIndex = 0; path = MHelloNestedTemplateTests.xctest; sourceTree = BUILT_PRODUCTS_DIR; };
		99892B841FB00A6E0075E93A /* MHelloNestedTemplateTests.m */ = {isa = PBXFileReference; lastKnownFileType = sourcecode.c.objc; path = MHelloNestedTemplateTests.m; sourceTree = "<group>"; };
		99892B861FB00A6E0075E93A /* Info.plist */ = {isa = PBXFileReference; lastKnownFileType = text.plist.xml; path = Info.plist; sourceTree = "<group>"; };
		99892B8B1FB00A6E0075E93A /* MHelloNestedTemplateUITests.xctest */ = {isa = PBXFileReference; explicitFileType = wrapper.cfbundle; includeInIndex = 0; path = MHelloNestedTemplateUITests.xctest; sourceTree = BUILT_PRODUCTS_DIR; };
		99892B8F1FB00A6E0075E93A /* MHelloNestedTemplateUITests.m */ = {isa = PBXFileReference; lastKnownFileType = sourcecode.c.objc; path = MHelloNestedTemplateUITests.m; sourceTree = "<group>"; };
		99892B911FB00A6E0075E93A /* Info.plist */ = {isa = PBXFileReference; lastKnownFileType = text.plist.xml; path = Info.plist; sourceTree = "<group>"; };
		99892BAF1FB00BB10075E93A /* V1ViewController.h */ = {isa = PBXFileReference; fileEncoding = 4; lastKnownFileType = sourcecode.c.h; path = V1ViewController.h; sourceTree = "<group>"; };
		99892BB01FB00BB10075E93A /* V1ViewController.m */ = {isa = PBXFileReference; fileEncoding = 4; lastKnownFileType = sourcecode.c.objc; path = V1ViewController.m; sourceTree = "<group>"; };
		99892BB21FB00BB10075E93A /* V2ViewController.m */ = {isa = PBXFileReference; fileEncoding = 4; lastKnownFileType = sourcecode.c.objc; path = V2ViewController.m; sourceTree = "<group>"; };
		99892BB31FB00BB10075E93A /* V2ViewController.h */ = {isa = PBXFileReference; fileEncoding = 4; lastKnownFileType = sourcecode.c.h; path = V2ViewController.h; sourceTree = "<group>"; };
		99892BB51FB00BB10075E93A /* Layout.m */ = {isa = PBXFileReference; fileEncoding = 4; lastKnownFileType = sourcecode.c.objc; path = Layout.m; sourceTree = "<group>"; };
		99892BB61FB00BB10075E93A /* Node.h */ = {isa = PBXFileReference; fileEncoding = 4; lastKnownFileType = sourcecode.c.h; path = Node.h; sourceTree = "<group>"; };
		99892BB71FB00BB10075E93A /* Layout.h */ = {isa = PBXFileReference; fileEncoding = 4; lastKnownFileType = sourcecode.c.h; path = Layout.h; sourceTree = "<group>"; };
		99892BB81FB00BB10075E93A /* Node.m */ = {isa = PBXFileReference; fileEncoding = 4; lastKnownFileType = sourcecode.c.objc; path = Node.m; sourceTree = "<group>"; };
		99892BCE1FB00D2E0075E93A /* TempDataGenerator.h */ = {isa = PBXFileReference; lastKnownFileType = sourcecode.c.h; path = TempDataGenerator.h; sourceTree = "<group>"; };
		99892BCF1FB00D2E0075E93A /* TempDataGenerator.m */ = {isa = PBXFileReference; lastKnownFileType = sourcecode.c.objc; path = TempDataGenerator.m; sourceTree = "<group>"; };
		99892BD11FB0143C0075E93A /* Cell.h */ = {isa = PBXFileReference; lastKnownFileType = sourcecode.c.h; path = Cell.h; sourceTree = "<group>"; };
		99892BD21FB0143C0075E93A /* Cell.m */ = {isa = PBXFileReference; lastKnownFileType = sourcecode.c.objc; path = Cell.m; sourceTree = "<group>"; };
		99997A4C1FB03731003C8BBA /* News.h */ = {isa = PBXFileReference; fileEncoding = 4; lastKnownFileType = sourcecode.c.h; path = News.h; sourceTree = "<group>"; };
		99997A4D1FB03731003C8BBA /* News.m */ = {isa = PBXFileReference; fileEncoding = 4; lastKnownFileType = sourcecode.c.objc; path = News.m; sourceTree = "<group>"; };
		99997A5F1FB06133003C8BBA /* NSString+M2Size.h */ = {isa = PBXFileReference; fileEncoding = 4; lastKnownFileType = sourcecode.c.h; path = "NSString+M2Size.h"; sourceTree = "<group>"; };
		99997A601FB06133003C8BBA /* NSString+M2Size.m */ = {isa = PBXFileReference; fileEncoding = 4; lastKnownFileType = sourcecode.c.objc; path = "NSString+M2Size.m"; sourceTree = "<group>"; };
		99997A651FB06452003C8BBA /* News+Layout.h */ = {isa = PBXFileReference; fileEncoding = 4; lastKnownFileType = sourcecode.c.h; path = "News+Layout.h"; sourceTree = "<group>"; };
		99997A661FB06452003C8BBA /* News+Layout.m */ = {isa = PBXFileReference; fileEncoding = 4; lastKnownFileType = sourcecode.c.objc; path = "News+Layout.m"; sourceTree = "<group>"; };
		99B6ECF51FE109FB0003FD4D /* Image.h */ = {isa = PBXFileReference; lastKnownFileType = sourcecode.c.h; path = Image.h; sourceTree = "<group>"; };
		99B6ECF61FE109FB0003FD4D /* Image.m */ = {isa = PBXFileReference; lastKnownFileType = sourcecode.c.objc; path = Image.m; sourceTree = "<group>"; };
		99D6E6FC1FE3AAF80066A53F /* NodeLayout.h */ = {isa = PBXFileReference; lastKnownFileType = sourcecode.c.h; path = NodeLayout.h; sourceTree = "<group>"; };
		99D6E6FD1FE3AAF80066A53F /* NodeLayout.m */ = {isa = PBXFileReference; lastKnownFileType = sourcecode.c.objc; path = NodeLayout.m; sourceTree = "<group>"; };
		99D6E7021FE3ABFA0066A53F /* Something.h */ = {isa = PBXFileReference; lastKnownFileType = sourcecode.c.h; path = Something.h; sourceTree = "<group>"; };
		99D6E7031FE3ABFA0066A53F /* Something.m */ = {isa = PBXFileReference; lastKnownFileType = sourcecode.c.objc; path = Something.m; sourceTree = "<group>"; };
		99D6E70F1FE3B0690066A53F /* Footer.h */ = {isa = PBXFileReference; lastKnownFileType = sourcecode.c.h; path = Footer.h; sourceTree = "<group>"; };
		99D6E7101FE3B0690066A53F /* Footer.m */ = {isa = PBXFileReference; lastKnownFileType = sourcecode.c.objc; path = Footer.m; sourceTree = "<group>"; };
		99D6E7121FE3BBA10066A53F /* Header.h */ = {isa = PBXFileReference; lastKnownFileType = sourcecode.c.h; path = Header.h; sourceTree = "<group>"; };
		99D6E7131FE3BBA10066A53F /* Header.m */ = {isa = PBXFileReference; lastKnownFileType = sourcecode.c.objc; path = Header.m; sourceTree = "<group>"; };
		99D6E7351FE512790066A53F /* NormalFooter.m */ = {isa = PBXFileReference; fileEncoding = 4; lastKnownFileType = sourcecode.c.objc; path = NormalFooter.m; sourceTree = "<group>"; };
		99D6E7361FE512790066A53F /* NormalFooterLayout.m */ = {isa = PBXFileReference; fileEncoding = 4; lastKnownFileType = sourcecode.c.objc; path = NormalFooterLayout.m; sourceTree = "<group>"; };
		99D6E7371FE512790066A53F /* NormalFooter.h */ = {isa = PBXFileReference; fileEncoding = 4; lastKnownFileType = sourcecode.c.h; path = NormalFooter.h; sourceTree = "<group>"; };
		99D6E7381FE512790066A53F /* NormalFooterLayout.h */ = {isa = PBXFileReference; fileEncoding = 4; lastKnownFileType = sourcecode.c.h; path = NormalFooterLayout.h; sourceTree = "<group>"; };
		99D6E73A1FE512790066A53F /* TopicCompositeFooter.h */ = {isa = PBXFileReference; fileEncoding = 4; lastKnownFileType = sourcecode.c.h; path = TopicCompositeFooter.h; sourceTree = "<group>"; };
		99D6E73B1FE512790066A53F /* TopicCompositeFooterLayout.m */ = {isa = PBXFileReference; fileEncoding = 4; lastKnownFileType = sourcecode.c.objc; path = TopicCompositeFooterLayout.m; sourceTree = "<group>"; };
		99D6E73C1FE512790066A53F /* TopicCompositeFooter.m */ = {isa = PBXFileReference; fileEncoding = 4; lastKnownFileType = sourcecode.c.objc; path = TopicCompositeFooter.m; sourceTree = "<group>"; };
		99D6E73D1FE512790066A53F /* TopicCompositeFooterLayout.h */ = {isa = PBXFileReference; fileEncoding = 4; lastKnownFileType = sourcecode.c.h; path = TopicCompositeFooterLayout.h; sourceTree = "<group>"; };
		99D6E7431FE5129B0066A53F /* TopicCompositeHeader.h */ = {isa = PBXFileReference; fileEncoding = 4; lastKnownFileType = sourcecode.c.h; path = TopicCompositeHeader.h; sourceTree = "<group>"; };
		99D6E7441FE5129B0066A53F /* TopicCompositeHeaderLayout.h */ = {isa = PBXFileReference; fileEncoding = 4; lastKnownFileType = sourcecode.c.h; path = TopicCompositeHeaderLayout.h; sourceTree = "<group>"; };
		99D6E7451FE5129B0066A53F /* TopicCompositeHeader.m */ = {isa = PBXFileReference; fileEncoding = 4; lastKnownFileType = sourcecode.c.objc; path = TopicCompositeHeader.m; sourceTree = "<group>"; };
		99D6E7461FE5129B0066A53F /* TopicCompositeHeaderLayout.m */ = {isa = PBXFileReference; fileEncoding = 4; lastKnownFileType = sourcecode.c.objc; path = TopicCompositeHeaderLayout.m; sourceTree = "<group>"; };
		99D6E74B1FE512C10066A53F /* TitleImageCell.m */ = {isa = PBXFileReference; fileEncoding = 4; lastKnownFileType = sourcecode.c.objc; path = TitleImageCell.m; sourceTree = "<group>"; };
		99D6E74C1FE512C10066A53F /* TitleImageNode.m */ = {isa = PBXFileReference; fileEncoding = 4; lastKnownFileType = sourcecode.c.objc; path = TitleImageNode.m; sourceTree = "<group>"; };
		99D6E74D1FE512C10066A53F /* TitleImageLayout.m */ = {isa = PBXFileReference; fileEncoding = 4; lastKnownFileType = sourcecode.c.objc; path = TitleImageLayout.m; sourceTree = "<group>"; };
		99D6E74E1FE512C10066A53F /* TitleImageCell.h */ = {isa = PBXFileReference; fileEncoding = 4; lastKnownFileType = sourcecode.c.h; path = TitleImageCell.h; sourceTree = "<group>"; };
		99D6E74F1FE512C10066A53F /* TitleImageNode.h */ = {isa = PBXFileReference; fileEncoding = 4; lastKnownFileType = sourcecode.c.h; path = TitleImageNode.h; sourceTree = "<group>"; };
		99D6E7501FE512C10066A53F /* TitleImageLayout.h */ = {isa = PBXFileReference; fileEncoding = 4; lastKnownFileType = sourcecode.c.h; path = TitleImageLayout.h; sourceTree = "<group>"; };
		99D6E7521FE512C10066A53F /* TitleNode.m */ = {isa = PBXFileReference; fileEncoding = 4; lastKnownFileType = sourcecode.c.objc; path = TitleNode.m; sourceTree = "<group>"; };
		99D6E7531FE512C10066A53F /* TitleCell.m */ = {isa = PBXFileReference; fileEncoding = 4; lastKnownFileType = sourcecode.c.objc; path = TitleCell.m; sourceTree = "<group>"; };
		99D6E7541FE512C10066A53F /* TitleLayout.m */ = {isa = PBXFileReference; fileEncoding = 4; lastKnownFileType = sourcecode.c.objc; path = TitleLayout.m; sourceTree = "<group>"; };
		99D6E7551FE512C10066A53F /* TitleNode.h */ = {isa = PBXFileReference; fileEncoding = 4; lastKnownFileType = sourcecode.c.h; path = TitleNode.h; sourceTree = "<group>"; };
		99D6E7561FE512C10066A53F /* TitleCell.h */ = {isa = PBXFileReference; fileEncoding = 4; lastKnownFileType = sourcecode.c.h; path = TitleCell.h; sourceTree = "<group>"; };
		99D6E7571FE512C10066A53F /* TitleLayout.h */ = {isa = PBXFileReference; fileEncoding = 4; lastKnownFileType = sourcecode.c.h; path = TitleLayout.h; sourceTree = "<group>"; };
		99D6E7591FE512C10066A53F /* FriendsCell.m */ = {isa = PBXFileReference; fileEncoding = 4; lastKnownFileType = sourcecode.c.objc; path = FriendsCell.m; sourceTree = "<group>"; };
		99D6E75A1FE512C10066A53F /* FriendsNode.m */ = {isa = PBXFileReference; fileEncoding = 4; lastKnownFileType = sourcecode.c.objc; path = FriendsNode.m; sourceTree = "<group>"; };
		99D6E75B1FE512C10066A53F /* FriendsLayout.h */ = {isa = PBXFileReference; fileEncoding = 4; lastKnownFileType = sourcecode.c.h; path = FriendsLayout.h; sourceTree = "<group>"; };
		99D6E75C1FE512C10066A53F /* FriendsCell.h */ = {isa = PBXFileReference; fileEncoding = 4; lastKnownFileType = sourcecode.c.h; path = FriendsCell.h; sourceTree = "<group>"; };
		99D6E75D1FE512C10066A53F /* FriendsLayout.m */ = {isa = PBXFileReference; fileEncoding = 4; lastKnownFileType = sourcecode.c.objc; path = FriendsLayout.m; sourceTree = "<group>"; };
		99D6E75E1FE512C10066A53F /* FriendsNode.h */ = {isa = PBXFileReference; fileEncoding = 4; lastKnownFileType = sourcecode.c.h; path = FriendsNode.h; sourceTree = "<group>"; };
		99D6E7691FE513450066A53F /* NormalCompositeNodeHelper.m */ = {isa = PBXFileReference; fileEncoding = 4; lastKnownFileType = sourcecode.c.objc; path = NormalCompositeNodeHelper.m; sourceTree = "<group>"; };
		99D6E76A1FE513450066A53F /* NormalNodeDecorator.m */ = {isa = PBXFileReference; fileEncoding = 4; lastKnownFileType = sourcecode.c.objc; path = NormalNodeDecorator.m; sourceTree = "<group>"; };
		99D6E76B1FE513450066A53F /* NormalCompositeNodeHelper.h */ = {isa = PBXFileReference; fileEncoding = 4; lastKnownFileType = sourcecode.c.h; path = NormalCompositeNodeHelper.h; sourceTree = "<group>"; };
		99D6E76C1FE513450066A53F /* NormalNodeDecorator.h */ = {isa = PBXFileReference; fileEncoding = 4; lastKnownFileType = sourcecode.c.h; path = NormalNodeDecorator.h; sourceTree = "<group>"; };
		99D6E7701FE516D20066A53F /* CompositeCell.h */ = {isa = PBXFileReference; fileEncoding = 4; lastKnownFileType = sourcecode.c.h; path = CompositeCell.h; sourceTree = "<group>"; };
		99D6E7711FE516D20066A53F /* CompositeNode.h */ = {isa = PBXFileReference; fileEncoding = 4; lastKnownFileType = sourcecode.c.h; path = CompositeNode.h; sourceTree = "<group>"; };
		99D6E7721FE516D20066A53F /* CompositeNodeHelper.h */ = {isa = PBXFileReference; fileEncoding = 4; lastKnownFileType = sourcecode.c.h; path = CompositeNodeHelper.h; sourceTree = "<group>"; };
		99D6E7731FE516D20066A53F /* CompositeLayout.h */ = {isa = PBXFileReference; fileEncoding = 4; lastKnownFileType = sourcecode.c.h; path = CompositeLayout.h; sourceTree = "<group>"; };
		99D6E7741FE516D20066A53F /* CompositeCell.m */ = {isa = PBXFileReference; fileEncoding = 4; lastKnownFileType = sourcecode.c.objc; path = CompositeCell.m; sourceTree = "<group>"; };
		99D6E7751FE516D20066A53F /* CompositeNode.m */ = {isa = PBXFileReference; fileEncoding = 4; lastKnownFileType = sourcecode.c.objc; path = CompositeNode.m; sourceTree = "<group>"; };
		99D6E7761FE516D20066A53F /* CompositeNodeHelper.m */ = {isa = PBXFileReference; fileEncoding = 4; lastKnownFileType = sourcecode.c.objc; path = CompositeNodeHelper.m; sourceTree = "<group>"; };
		99D6E7771FE516D20066A53F /* CompositeLayout.m */ = {isa = PBXFileReference; fileEncoding = 4; lastKnownFileType = sourcecode.c.objc; path = CompositeLayout.m; sourceTree = "<group>"; };
		99DB98321FB2E690001C4C8F /* NodeHelper.h */ = {isa = PBXFileReference; lastKnownFileType = sourcecode.c.h; path = NodeHelper.h; sourceTree = "<group>"; };
		99DB98331FB2E690001C4C8F /* NodeHelper.m */ = {isa = PBXFileReference; lastKnownFileType = sourcecode.c.objc; path = NodeHelper.m; sourceTree = "<group>"; };
/* End PBXFileReference section */

/* Begin PBXFrameworksBuildPhase section */
		99892B651FB00A6E0075E93A /* Frameworks */ = {
			isa = PBXFrameworksBuildPhase;
			buildActionMask = 2147483647;
			files = (
			);
			runOnlyForDeploymentPostprocessing = 0;
		};
		99892B7D1FB00A6E0075E93A /* Frameworks */ = {
			isa = PBXFrameworksBuildPhase;
			buildActionMask = 2147483647;
			files = (
			);
			runOnlyForDeploymentPostprocessing = 0;
		};
		99892B881FB00A6E0075E93A /* Frameworks */ = {
			isa = PBXFrameworksBuildPhase;
			buildActionMask = 2147483647;
			files = (
			);
			runOnlyForDeploymentPostprocessing = 0;
		};
/* End PBXFrameworksBuildPhase section */

/* Begin PBXGroup section */
		99892B5F1FB00A6E0075E93A = {
			isa = PBXGroup;
			children = (
				99892B6A1FB00A6E0075E93A /* MHelloNestedTemplate */,
				99892B831FB00A6E0075E93A /* MHelloNestedTemplateTests */,
				99892B8E1FB00A6E0075E93A /* MHelloNestedTemplateUITests */,
				99892B691FB00A6E0075E93A /* Products */,
			);
			sourceTree = "<group>";
		};
		99892B691FB00A6E0075E93A /* Products */ = {
			isa = PBXGroup;
			children = (
				99892B681FB00A6E0075E93A /* MHelloNestedTemplate.app */,
				99892B801FB00A6E0075E93A /* MHelloNestedTemplateTests.xctest */,
				99892B8B1FB00A6E0075E93A /* MHelloNestedTemplateUITests.xctest */,
			);
			name = Products;
			sourceTree = "<group>";
		};
		99892B6A1FB00A6E0075E93A /* MHelloNestedTemplate */ = {
			isa = PBXGroup;
			children = (
				99892B6B1FB00A6E0075E93A /* AppDelegate.h */,
				99892B6C1FB00A6E0075E93A /* AppDelegate.m */,
				99892B6E1FB00A6E0075E93A /* ViewController.h */,
				99892B6F1FB00A6E0075E93A /* ViewController.m */,
				99892B711FB00A6E0075E93A /* Main.storyboard */,
				99892BAD1FB00BB10075E93A /* UI */,
				99892BAC1FB00B960075E93A /* Data */,
				99997A5D1FB06133003C8BBA /* Utils */,
				99892B741FB00A6E0075E93A /* Assets.xcassets */,
				99892B761FB00A6E0075E93A /* LaunchScreen.storyboard */,
				99892B791FB00A6E0075E93A /* Info.plist */,
				99892B7A1FB00A6E0075E93A /* main.m */,
			);
			path = MHelloNestedTemplate;
			sourceTree = "<group>";
		};
		99892B831FB00A6E0075E93A /* MHelloNestedTemplateTests */ = {
			isa = PBXGroup;
			children = (
				99892B841FB00A6E0075E93A /* MHelloNestedTemplateTests.m */,
				99892B861FB00A6E0075E93A /* Info.plist */,
			);
			path = MHelloNestedTemplateTests;
			sourceTree = "<group>";
		};
		99892B8E1FB00A6E0075E93A /* MHelloNestedTemplateUITests */ = {
			isa = PBXGroup;
			children = (
				99892B8F1FB00A6E0075E93A /* MHelloNestedTemplateUITests.m */,
				99892B911FB00A6E0075E93A /* Info.plist */,
			);
			path = MHelloNestedTemplateUITests;
			sourceTree = "<group>";
		};
		99892BAC1FB00B960075E93A /* Data */ = {
			isa = PBXGroup;
			children = (
				99997A4C1FB03731003C8BBA /* News.h */,
				99997A4D1FB03731003C8BBA /* News.m */,
				99B6ECF51FE109FB0003FD4D /* Image.h */,
				99B6ECF61FE109FB0003FD4D /* Image.m */,
				99997A651FB06452003C8BBA /* News+Layout.h */,
				99997A661FB06452003C8BBA /* News+Layout.m */,
				9959FED01FB6ADF800B79B64 /* SubNewsHelper.h */,
				9959FED11FB6ADF800B79B64 /* SubNewsHelper.m */,
				99892BCE1FB00D2E0075E93A /* TempDataGenerator.h */,
				99892BCF1FB00D2E0075E93A /* TempDataGenerator.m */,
			);
			name = Data;
			path = Src/Data;
			sourceTree = "<group>";
		};
		99892BAD1FB00BB10075E93A /* UI */ = {
			isa = PBXGroup;
			children = (
				99892BB41FB00BB10075E93A /* Common */,
				99892BAE1FB00BB10075E93A /* V1 */,
				99892BB11FB00BB10075E93A /* V2 */,
			);
			name = UI;
			path = Src/UI;
			sourceTree = "<group>";
		};
		99892BAE1FB00BB10075E93A /* V1 */ = {
			isa = PBXGroup;
			children = (
				99892BAF1FB00BB10075E93A /* V1ViewController.h */,
				99892BB01FB00BB10075E93A /* V1ViewController.m */,
				99D6E7681FE5132F0066A53F /* Decorator */,
				99D6E7491FE512C10066A53F /* Cell */,
				99D6E7181FE3E6140066A53F /* Header */,
				99D6E7081FE3ADD00066A53F /* Footer */,
			);
			path = V1;
			sourceTree = "<group>";
		};
		99892BB11FB00BB10075E93A /* V2 */ = {
			isa = PBXGroup;
			children = (
				99892BB31FB00BB10075E93A /* V2ViewController.h */,
				99892BB21FB00BB10075E93A /* V2ViewController.m */,
			);
			path = V2;
			sourceTree = "<group>";
		};
		99892BB41FB00BB10075E93A /* Common */ = {
			isa = PBXGroup;
			children = (
				99892BD11FB0143C0075E93A /* Cell.h */,
				99892BD21FB0143C0075E93A /* Cell.m */,
				99D6E7021FE3ABFA0066A53F /* Something.h */,
				99D6E7031FE3ABFA0066A53F /* Something.m */,
				99892BB71FB00BB10075E93A /* Layout.h */,
				99892BB51FB00BB10075E93A /* Layout.m */,
				99892BB61FB00BB10075E93A /* Node.h */,
				99892BB81FB00BB10075E93A /* Node.m */,
				99D6E7121FE3BBA10066A53F /* Header.h */,
				99D6E7131FE3BBA10066A53F /* Header.m */,
				99D6E70F1FE3B0690066A53F /* Footer.h */,
				99D6E7101FE3B0690066A53F /* Footer.m */,
				99D6E6FC1FE3AAF80066A53F /* NodeLayout.h */,
				99D6E6FD1FE3AAF80066A53F /* NodeLayout.m */,
				99DB98321FB2E690001C4C8F /* NodeHelper.h */,
				99DB98331FB2E690001C4C8F /* NodeHelper.m */,
				99D6E76F1FE516D20066A53F /* Composite */,
			);
			path = Common;
			sourceTree = "<group>";
		};
		99997A5D1FB06133003C8BBA /* Utils */ = {
			isa = PBXGroup;
			children = (
				99997A5E1FB06133003C8BBA /* String */,
			);
			path = Utils;
			sourceTree = "<group>";
		};
		99997A5E1FB06133003C8BBA /* String */ = {
			isa = PBXGroup;
			children = (
				99997A5F1FB06133003C8BBA /* NSString+M2Size.h */,
				99997A601FB06133003C8BBA /* NSString+M2Size.m */,
			);
			path = String;
			sourceTree = "<group>";
		};
		99D6E7081FE3ADD00066A53F /* Footer */ = {
			isa = PBXGroup;
			children = (
				99D6E7341FE512790066A53F /* Normal */,
				99D6E7391FE512790066A53F /* Topic */,
			);
			path = Footer;
			sourceTree = "<group>";
		};
		99D6E7181FE3E6140066A53F /* Header */ = {
			isa = PBXGroup;
			children = (
				99D6E7421FE5129B0066A53F /* Topic */,
			);
			path = Header;
			sourceTree = "<group>";
		};
		99D6E7341FE512790066A53F /* Normal */ = {
			isa = PBXGroup;
			children = (
				99D6E7371FE512790066A53F /* NormalFooter.h */,
				99D6E7351FE512790066A53F /* NormalFooter.m */,
				99D6E7381FE512790066A53F /* NormalFooterLayout.h */,
				99D6E7361FE512790066A53F /* NormalFooterLayout.m */,
			);
			path = Normal;
			sourceTree = "<group>";
		};
		99D6E7391FE512790066A53F /* Topic */ = {
			isa = PBXGroup;
			children = (
				99D6E73A1FE512790066A53F /* TopicCompositeFooter.h */,
				99D6E73C1FE512790066A53F /* TopicCompositeFooter.m */,
				99D6E73D1FE512790066A53F /* TopicCompositeFooterLayout.h */,
				99D6E73B1FE512790066A53F /* TopicCompositeFooterLayout.m */,
			);
			path = Topic;
			sourceTree = "<group>";
		};
		99D6E7421FE5129B0066A53F /* Topic */ = {
			isa = PBXGroup;
			children = (
				99D6E7431FE5129B0066A53F /* TopicCompositeHeader.h */,
				99D6E7451FE5129B0066A53F /* TopicCompositeHeader.m */,
				99D6E7441FE5129B0066A53F /* TopicCompositeHeaderLayout.h */,
				99D6E7461FE5129B0066A53F /* TopicCompositeHeaderLayout.m */,
			);
			path = Topic;
			sourceTree = "<group>";
		};
		99D6E7491FE512C10066A53F /* Cell */ = {
			isa = PBXGroup;
			children = (
				99D6E7511FE512C10066A53F /* Title */,
				99D6E74A1FE512C10066A53F /* TitleImage */,
				99D6E7581FE512C10066A53F /* Friends */,
			);
			path = Cell;
			sourceTree = "<group>";
		};
		99D6E74A1FE512C10066A53F /* TitleImage */ = {
			isa = PBXGroup;
			children = (
				99D6E74E1FE512C10066A53F /* TitleImageCell.h */,
				99D6E74B1FE512C10066A53F /* TitleImageCell.m */,
				99D6E74F1FE512C10066A53F /* TitleImageNode.h */,
				99D6E74C1FE512C10066A53F /* TitleImageNode.m */,
				99D6E7501FE512C10066A53F /* TitleImageLayout.h */,
				99D6E74D1FE512C10066A53F /* TitleImageLayout.m */,
			);
			path = TitleImage;
			sourceTree = "<group>";
		};
		99D6E7511FE512C10066A53F /* Title */ = {
			isa = PBXGroup;
			children = (
				99D6E7561FE512C10066A53F /* TitleCell.h */,
				99D6E7531FE512C10066A53F /* TitleCell.m */,
				99D6E7551FE512C10066A53F /* TitleNode.h */,
				99D6E7521FE512C10066A53F /* TitleNode.m */,
				99D6E7571FE512C10066A53F /* TitleLayout.h */,
				99D6E7541FE512C10066A53F /* TitleLayout.m */,
			);
			path = Title;
			sourceTree = "<group>";
		};
		99D6E7581FE512C10066A53F /* Friends */ = {
			isa = PBXGroup;
			children = (
				99D6E75C1FE512C10066A53F /* FriendsCell.h */,
				99D6E7591FE512C10066A53F /* FriendsCell.m */,
				99D6E75E1FE512C10066A53F /* FriendsNode.h */,
				99D6E75A1FE512C10066A53F /* FriendsNode.m */,
				99D6E75B1FE512C10066A53F /* FriendsLayout.h */,
				99D6E75D1FE512C10066A53F /* FriendsLayout.m */,
			);
			path = Friends;
			sourceTree = "<group>";
		};
		99D6E7681FE5132F0066A53F /* Decorator */ = {
			isa = PBXGroup;
			children = (
				99D6E76C1FE513450066A53F /* NormalNodeDecorator.h */,
				99D6E76A1FE513450066A53F /* NormalNodeDecorator.m */,
				99D6E76B1FE513450066A53F /* NormalCompositeNodeHelper.h */,
				99D6E7691FE513450066A53F /* NormalCompositeNodeHelper.m */,
			);
			path = Decorator;
			sourceTree = "<group>";
		};
		99D6E76F1FE516D20066A53F /* Composite */ = {
			isa = PBXGroup;
			children = (
				99D6E7701FE516D20066A53F /* CompositeCell.h */,
				99D6E7741FE516D20066A53F /* CompositeCell.m */,
				99D6E7711FE516D20066A53F /* CompositeNode.h */,
				99D6E7751FE516D20066A53F /* CompositeNode.m */,
				99D6E7731FE516D20066A53F /* CompositeLayout.h */,
				99D6E7771FE516D20066A53F /* CompositeLayout.m */,
				99D6E7721FE516D20066A53F /* CompositeNodeHelper.h */,
				99D6E7761FE516D20066A53F /* CompositeNodeHelper.m */,
			);
			path = Composite;
			sourceTree = "<group>";
		};
/* End PBXGroup section */

/* Begin PBXNativeTarget section */
		99892B671FB00A6E0075E93A /* MHelloNestedTemplate */ = {
			isa = PBXNativeTarget;
			buildConfigurationList = 99892B941FB00A6E0075E93A /* Build configuration list for PBXNativeTarget "MHelloNestedTemplate" */;
			buildPhases = (
				99892B641FB00A6E0075E93A /* Sources */,
				99892B651FB00A6E0075E93A /* Frameworks */,
				99892B661FB00A6E0075E93A /* Resources */,
			);
			buildRules = (
			);
			dependencies = (
			);
			name = MHelloNestedTemplate;
			productName = MHelloNestedTemplate;
			productReference = 99892B681FB00A6E0075E93A /* MHelloNestedTemplate.app */;
			productType = "com.apple.product-type.application";
		};
		99892B7F1FB00A6E0075E93A /* MHelloNestedTemplateTests */ = {
			isa = PBXNativeTarget;
			buildConfigurationList = 99892B971FB00A6E0075E93A /* Build configuration list for PBXNativeTarget "MHelloNestedTemplateTests" */;
			buildPhases = (
				99892B7C1FB00A6E0075E93A /* Sources */,
				99892B7D1FB00A6E0075E93A /* Frameworks */,
				99892B7E1FB00A6E0075E93A /* Resources */,
			);
			buildRules = (
			);
			dependencies = (
				99892B821FB00A6E0075E93A /* PBXTargetDependency */,
			);
			name = MHelloNestedTemplateTests;
			productName = MHelloNestedTemplateTests;
			productReference = 99892B801FB00A6E0075E93A /* MHelloNestedTemplateTests.xctest */;
			productType = "com.apple.product-type.bundle.unit-test";
		};
		99892B8A1FB00A6E0075E93A /* MHelloNestedTemplateUITests */ = {
			isa = PBXNativeTarget;
			buildConfigurationList = 99892B9A1FB00A6E0075E93A /* Build configuration list for PBXNativeTarget "MHelloNestedTemplateUITests" */;
			buildPhases = (
				99892B871FB00A6E0075E93A /* Sources */,
				99892B881FB00A6E0075E93A /* Frameworks */,
				99892B891FB00A6E0075E93A /* Resources */,
			);
			buildRules = (
			);
			dependencies = (
				99892B8D1FB00A6E0075E93A /* PBXTargetDependency */,
			);
			name = MHelloNestedTemplateUITests;
			productName = MHelloNestedTemplateUITests;
			productReference = 99892B8B1FB00A6E0075E93A /* MHelloNestedTemplateUITests.xctest */;
			productType = "com.apple.product-type.bundle.ui-testing";
		};
/* End PBXNativeTarget section */

/* Begin PBXProject section */
		99892B601FB00A6E0075E93A /* Project object */ = {
			isa = PBXProject;
			attributes = {
				LastUpgradeCheck = 0900;
				ORGANIZATIONNAME = hellochenms;
				TargetAttributes = {
					99892B671FB00A6E0075E93A = {
						CreatedOnToolsVersion = 9.0.1;
						ProvisioningStyle = Automatic;
					};
					99892B7F1FB00A6E0075E93A = {
						CreatedOnToolsVersion = 9.0.1;
						ProvisioningStyle = Automatic;
						TestTargetID = 99892B671FB00A6E0075E93A;
					};
					99892B8A1FB00A6E0075E93A = {
						CreatedOnToolsVersion = 9.0.1;
						ProvisioningStyle = Automatic;
						TestTargetID = 99892B671FB00A6E0075E93A;
					};
				};
			};
			buildConfigurationList = 99892B631FB00A6E0075E93A /* Build configuration list for PBXProject "MHelloNestedTemplate" */;
			compatibilityVersion = "Xcode 8.0";
			developmentRegion = en;
			hasScannedForEncodings = 0;
			knownRegions = (
				en,
				Base,
			);
			mainGroup = 99892B5F1FB00A6E0075E93A;
			productRefGroup = 99892B691FB00A6E0075E93A /* Products */;
			projectDirPath = "";
			projectRoot = "";
			targets = (
				99892B671FB00A6E0075E93A /* MHelloNestedTemplate */,
				99892B7F1FB00A6E0075E93A /* MHelloNestedTemplateTests */,
				99892B8A1FB00A6E0075E93A /* MHelloNestedTemplateUITests */,
			);
		};
/* End PBXProject section */

/* Begin PBXResourcesBuildPhase section */
		99892B661FB00A6E0075E93A /* Resources */ = {
			isa = PBXResourcesBuildPhase;
			buildActionMask = 2147483647;
			files = (
				99892B781FB00A6E0075E93A /* LaunchScreen.storyboard in Resources */,
				99892B751FB00A6E0075E93A /* Assets.xcassets in Resources */,
				99892B731FB00A6E0075E93A /* Main.storyboard in Resources */,
			);
			runOnlyForDeploymentPostprocessing = 0;
		};
		99892B7E1FB00A6E0075E93A /* Resources */ = {
			isa = PBXResourcesBuildPhase;
			buildActionMask = 2147483647;
			files = (
			);
			runOnlyForDeploymentPostprocessing = 0;
		};
		99892B891FB00A6E0075E93A /* Resources */ = {
			isa = PBXResourcesBuildPhase;
			buildActionMask = 2147483647;
			files = (
			);
			runOnlyForDeploymentPostprocessing = 0;
		};
/* End PBXResourcesBuildPhase section */

/* Begin PBXSourcesBuildPhase section */
		99892B641FB00A6E0075E93A /* Sources */ = {
			isa = PBXSourcesBuildPhase;
			buildActionMask = 2147483647;
			files = (
				99D6E7481FE5129B0066A53F /* TopicCompositeHeaderLayout.m in Sources */,
				99D6E7041FE3ABFA0066A53F /* Something.m in Sources */,
				99D6E7621FE512C10066A53F /* TitleNode.m in Sources */,
				99D6E7791FE516D30066A53F /* CompositeNode.m in Sources */,
				99D6E7141FE3BBA10066A53F /* Header.m in Sources */,
				99892BD31FB0143C0075E93A /* Cell.m in Sources */,
				99D6E7781FE516D30066A53F /* CompositeCell.m in Sources */,
				99D6E76D1FE513450066A53F /* NormalCompositeNodeHelper.m in Sources */,
				99B6ECF71FE109FB0003FD4D /* Image.m in Sources */,
				99892B701FB00A6E0075E93A /* ViewController.m in Sources */,
				99D6E77A1FE516D30066A53F /* CompositeNodeHelper.m in Sources */,
				99892B7B1FB00A6E0075E93A /* main.m in Sources */,
				99997A611FB06133003C8BBA /* NSString+M2Size.m in Sources */,
				99892BBC1FB00BB10075E93A /* Node.m in Sources */,
				99997A671FB06452003C8BBA /* News+Layout.m in Sources */,
				99D6E7471FE5129B0066A53F /* TopicCompositeHeader.m in Sources */,
				99D6E7401FE512790066A53F /* TopicCompositeFooterLayout.m in Sources */,
				99892BBA1FB00BB10075E93A /* V2ViewController.m in Sources */,
				99D6E7601FE512C10066A53F /* TitleImageNode.m in Sources */,
				99D6E7631FE512C10066A53F /* TitleCell.m in Sources */,
				99D6E6FE1FE3AAF80066A53F /* NodeLayout.m in Sources */,
				99892BBB1FB00BB10075E93A /* Layout.m in Sources */,
				99D6E7671FE512C10066A53F /* FriendsLayout.m in Sources */,
				99D6E75F1FE512C10066A53F /* TitleImageCell.m in Sources */,
				99D6E73F1FE512790066A53F /* NormalFooterLayout.m in Sources */,
				99D6E76E1FE513450066A53F /* NormalNodeDecorator.m in Sources */,
				99D6E7641FE512C10066A53F /* TitleLayout.m in Sources */,
				99D6E7651FE512C10066A53F /* FriendsCell.m in Sources */,
				99892B6D1FB00A6E0075E93A /* AppDelegate.m in Sources */,
				99D6E77B1FE516D30066A53F /* CompositeLayout.m in Sources */,
				99DB98341FB2E690001C4C8F /* NodeHelper.m in Sources */,
				99892BD01FB00D2E0075E93A /* TempDataGenerator.m in Sources */,
				99D6E7111FE3B0690066A53F /* Footer.m in Sources */,
				99997A4E1FB03731003C8BBA /* News.m in Sources */,
				99D6E73E1FE512790066A53F /* NormalFooter.m in Sources */,
				99D6E7411FE512790066A53F /* TopicCompositeFooter.m in Sources */,
				99D6E7661FE512C10066A53F /* FriendsNode.m in Sources */,
				99D6E7611FE512C10066A53F /* TitleImageLayout.m in Sources */,
				9959FED21FB6ADF800B79B64 /* SubNewsHelper.m in Sources */,
				99892BB91FB00BB10075E93A /* V1ViewController.m in Sources */,
			);
			runOnlyForDeploymentPostprocessing = 0;
		};
		99892B7C1FB00A6E0075E93A /* Sources */ = {
			isa = PBXSourcesBuildPhase;
			buildActionMask = 2147483647;
			files = (
				99892B851FB00A6E0075E93A /* MHelloNestedTemplateTests.m in Sources */,
			);
			runOnlyForDeploymentPostprocessing = 0;
		};
		99892B871FB00A6E0075E93A /* Sources */ = {
			isa = PBXSourcesBuildPhase;
			buildActionMask = 2147483647;
			files = (
				99892B901FB00A6E0075E93A /* MHelloNestedTemplateUITests.m in Sources */,
			);
			runOnlyForDeploymentPostprocessing = 0;
		};
/* End PBXSourcesBuildPhase section */

/* Begin PBXTargetDependency section */
		99892B821FB00A6E0075E93A /* PBXTargetDependency */ = {
			isa = PBXTargetDependency;
			target = 99892B671FB00A6E0075E93A /* MHelloNestedTemplate */;
			targetProxy = 99892B811FB00A6E0075E93A /* PBXContainerItemProxy */;
		};
		99892B8D1FB00A6E0075E93A /* PBXTargetDependency */ = {
			isa = PBXTargetDependency;
			target = 99892B671FB00A6E0075E93A /* MHelloNestedTemplate */;
			targetProxy = 99892B8C1FB00A6E0075E93A /* PBXContainerItemProxy */;
		};
/* End PBXTargetDependency section */

/* Begin PBXVariantGroup section */
		99892B711FB00A6E0075E93A /* Main.storyboard */ = {
			isa = PBXVariantGroup;
			children = (
				99892B721FB00A6E0075E93A /* Base */,
			);
			name = Main.storyboard;
			sourceTree = "<group>";
		};
		99892B761FB00A6E0075E93A /* LaunchScreen.storyboard */ = {
			isa = PBXVariantGroup;
			children = (
				99892B771FB00A6E0075E93A /* Base */,
			);
			name = LaunchScreen.storyboard;
			sourceTree = "<group>";
		};
/* End PBXVariantGroup section */

/* Begin XCBuildConfiguration section */
		99892B921FB00A6E0075E93A /* Debug */ = {
			isa = XCBuildConfiguration;
			buildSettings = {
				ALWAYS_SEARCH_USER_PATHS = NO;
				CLANG_ANALYZER_NONNULL = YES;
				CLANG_ANALYZER_NUMBER_OBJECT_CONVERSION = YES_AGGRESSIVE;
				CLANG_CXX_LANGUAGE_STANDARD = "gnu++14";
				CLANG_CXX_LIBRARY = "libc++";
				CLANG_ENABLE_MODULES = YES;
				CLANG_ENABLE_OBJC_ARC = YES;
				CLANG_WARN_BLOCK_CAPTURE_AUTORELEASING = YES;
				CLANG_WARN_BOOL_CONVERSION = YES;
				CLANG_WARN_COMMA = YES;
				CLANG_WARN_CONSTANT_CONVERSION = YES;
				CLANG_WARN_DIRECT_OBJC_ISA_USAGE = YES_ERROR;
				CLANG_WARN_DOCUMENTATION_COMMENTS = YES;
				CLANG_WARN_EMPTY_BODY = YES;
				CLANG_WARN_ENUM_CONVERSION = YES;
				CLANG_WARN_INFINITE_RECURSION = YES;
				CLANG_WARN_INT_CONVERSION = YES;
				CLANG_WARN_NON_LITERAL_NULL_CONVERSION = YES;
				CLANG_WARN_OBJC_LITERAL_CONVERSION = YES;
				CLANG_WARN_OBJC_ROOT_CLASS = YES_ERROR;
				CLANG_WARN_RANGE_LOOP_ANALYSIS = YES;
				CLANG_WARN_STRICT_PROTOTYPES = YES;
				CLANG_WARN_SUSPICIOUS_MOVE = YES;
				CLANG_WARN_UNGUARDED_AVAILABILITY = YES_AGGRESSIVE;
				CLANG_WARN_UNREACHABLE_CODE = YES;
				CLANG_WARN__DUPLICATE_METHOD_MATCH = YES;
				CODE_SIGN_IDENTITY = "iPhone Developer";
				COPY_PHASE_STRIP = NO;
				DEBUG_INFORMATION_FORMAT = dwarf;
				ENABLE_STRICT_OBJC_MSGSEND = YES;
				ENABLE_TESTABILITY = YES;
				GCC_C_LANGUAGE_STANDARD = gnu11;
				GCC_DYNAMIC_NO_PIC = NO;
				GCC_NO_COMMON_BLOCKS = YES;
				GCC_OPTIMIZATION_LEVEL = 0;
				GCC_PREPROCESSOR_DEFINITIONS = (
					"DEBUG=1",
					"$(inherited)",
				);
				GCC_WARN_64_TO_32_BIT_CONVERSION = YES;
				GCC_WARN_ABOUT_RETURN_TYPE = YES_ERROR;
				GCC_WARN_UNDECLARED_SELECTOR = YES;
				GCC_WARN_UNINITIALIZED_AUTOS = YES_AGGRESSIVE;
				GCC_WARN_UNUSED_FUNCTION = YES;
				GCC_WARN_UNUSED_VARIABLE = YES;
				IPHONEOS_DEPLOYMENT_TARGET = 11.0;
				MTL_ENABLE_DEBUG_INFO = YES;
				ONLY_ACTIVE_ARCH = YES;
				SDKROOT = iphoneos;
			};
			name = Debug;
		};
		99892B931FB00A6E0075E93A /* Release */ = {
			isa = XCBuildConfiguration;
			buildSettings = {
				ALWAYS_SEARCH_USER_PATHS = NO;
				CLANG_ANALYZER_NONNULL = YES;
				CLANG_ANALYZER_NUMBER_OBJECT_CONVERSION = YES_AGGRESSIVE;
				CLANG_CXX_LANGUAGE_STANDARD = "gnu++14";
				CLANG_CXX_LIBRARY = "libc++";
				CLANG_ENABLE_MODULES = YES;
				CLANG_ENABLE_OBJC_ARC = YES;
				CLANG_WARN_BLOCK_CAPTURE_AUTORELEASING = YES;
				CLANG_WARN_BOOL_CONVERSION = YES;
				CLANG_WARN_COMMA = YES;
				CLANG_WARN_CONSTANT_CONVERSION = YES;
				CLANG_WARN_DIRECT_OBJC_ISA_USAGE = YES_ERROR;
				CLANG_WARN_DOCUMENTATION_COMMENTS = YES;
				CLANG_WARN_EMPTY_BODY = YES;
				CLANG_WARN_ENUM_CONVERSION = YES;
				CLANG_WARN_INFINITE_RECURSION = YES;
				CLANG_WARN_INT_CONVERSION = YES;
				CLANG_WARN_NON_LITERAL_NULL_CONVERSION = YES;
				CLANG_WARN_OBJC_LITERAL_CONVERSION = YES;
				CLANG_WARN_OBJC_ROOT_CLASS = YES_ERROR;
				CLANG_WARN_RANGE_LOOP_ANALYSIS = YES;
				CLANG_WARN_STRICT_PROTOTYPES = YES;
				CLANG_WARN_SUSPICIOUS_MOVE = YES;
				CLANG_WARN_UNGUARDED_AVAILABILITY = YES_AGGRESSIVE;
				CLANG_WARN_UNREACHABLE_CODE = YES;
				CLANG_WARN__DUPLICATE_METHOD_MATCH = YES;
				CODE_SIGN_IDENTITY = "iPhone Developer";
				COPY_PHASE_STRIP = NO;
				DEBUG_INFORMATION_FORMAT = "dwarf-with-dsym";
				ENABLE_NS_ASSERTIONS = NO;
				ENABLE_STRICT_OBJC_MSGSEND = YES;
				GCC_C_LANGUAGE_STANDARD = gnu11;
				GCC_NO_COMMON_BLOCKS = YES;
				GCC_WARN_64_TO_32_BIT_CONVERSION = YES;
				GCC_WARN_ABOUT_RETURN_TYPE = YES_ERROR;
				GCC_WARN_UNDECLARED_SELECTOR = YES;
				GCC_WARN_UNINITIALIZED_AUTOS = YES_AGGRESSIVE;
				GCC_WARN_UNUSED_FUNCTION = YES;
				GCC_WARN_UNUSED_VARIABLE = YES;
				IPHONEOS_DEPLOYMENT_TARGET = 11.0;
				MTL_ENABLE_DEBUG_INFO = NO;
				SDKROOT = iphoneos;
				VALIDATE_PRODUCT = YES;
			};
			name = Release;
		};
		99892B951FB00A6E0075E93A /* Debug */ = {
			isa = XCBuildConfiguration;
			buildSettings = {
				ASSETCATALOG_COMPILER_APPICON_NAME = AppIcon;
				CODE_SIGN_STYLE = Automatic;
				DEVELOPMENT_TEAM = LD9JLNUXTG;
				INFOPLIST_FILE = MHelloNestedTemplate/Info.plist;
				LD_RUNPATH_SEARCH_PATHS = "$(inherited) @executable_path/Frameworks";
				PRODUCT_BUNDLE_IDENTIFIER = com.m2.chenms.MHelloNestedTemplate;
				PRODUCT_NAME = "$(TARGET_NAME)";
				TARGETED_DEVICE_FAMILY = "1,2";
			};
			name = Debug;
		};
		99892B961FB00A6E0075E93A /* Release */ = {
			isa = XCBuildConfiguration;
			buildSettings = {
				ASSETCATALOG_COMPILER_APPICON_NAME = AppIcon;
				CODE_SIGN_STYLE = Automatic;
				DEVELOPMENT_TEAM = LD9JLNUXTG;
				INFOPLIST_FILE = MHelloNestedTemplate/Info.plist;
				LD_RUNPATH_SEARCH_PATHS = "$(inherited) @executable_path/Frameworks";
				PRODUCT_BUNDLE_IDENTIFIER = com.m2.chenms.MHelloNestedTemplate;
				PRODUCT_NAME = "$(TARGET_NAME)";
				TARGETED_DEVICE_FAMILY = "1,2";
			};
			name = Release;
		};
		99892B981FB00A6E0075E93A /* Debug */ = {
			isa = XCBuildConfiguration;
			buildSettings = {
				BUNDLE_LOADER = "$(TEST_HOST)";
				CODE_SIGN_STYLE = Automatic;
				INFOPLIST_FILE = MHelloNestedTemplateTests/Info.plist;
				LD_RUNPATH_SEARCH_PATHS = "$(inherited) @executable_path/Frameworks @loader_path/Frameworks";
				PRODUCT_BUNDLE_IDENTIFIER = com.m2.chenms.MHelloNestedTemplateTests;
				PRODUCT_NAME = "$(TARGET_NAME)";
				TARGETED_DEVICE_FAMILY = "1,2";
				TEST_HOST = "$(BUILT_PRODUCTS_DIR)/MHelloNestedTemplate.app/MHelloNestedTemplate";
			};
			name = Debug;
		};
		99892B991FB00A6E0075E93A /* Release */ = {
			isa = XCBuildConfiguration;
			buildSettings = {
				BUNDLE_LOADER = "$(TEST_HOST)";
				CODE_SIGN_STYLE = Automatic;
				INFOPLIST_FILE = MHelloNestedTemplateTests/Info.plist;
				LD_RUNPATH_SEARCH_PATHS = "$(inherited) @executable_path/Frameworks @loader_path/Frameworks";
				PRODUCT_BUNDLE_IDENTIFIER = com.m2.chenms.MHelloNestedTemplateTests;
				PRODUCT_NAME = "$(TARGET_NAME)";
				TARGETED_DEVICE_FAMILY = "1,2";
				TEST_HOST = "$(BUILT_PRODUCTS_DIR)/MHelloNestedTemplate.app/MHelloNestedTemplate";
			};
			name = Release;
		};
		99892B9B1FB00A6E0075E93A /* Debug */ = {
			isa = XCBuildConfiguration;
			buildSettings = {
				CODE_SIGN_STYLE = Automatic;
				INFOPLIST_FILE = MHelloNestedTemplateUITests/Info.plist;
				LD_RUNPATH_SEARCH_PATHS = "$(inherited) @executable_path/Frameworks @loader_path/Frameworks";
				PRODUCT_BUNDLE_IDENTIFIER = com.m2.chenms.MHelloNestedTemplateUITests;
				PRODUCT_NAME = "$(TARGET_NAME)";
				TARGETED_DEVICE_FAMILY = "1,2";
				TEST_TARGET_NAME = MHelloNestedTemplate;
			};
			name = Debug;
		};
		99892B9C1FB00A6E0075E93A /* Release */ = {
			isa = XCBuildConfiguration;
			buildSettings = {
				CODE_SIGN_STYLE = Automatic;
				INFOPLIST_FILE = MHelloNestedTemplateUITests/Info.plist;
				LD_RUNPATH_SEARCH_PATHS = "$(inherited) @executable_path/Frameworks @loader_path/Frameworks";
				PRODUCT_BUNDLE_IDENTIFIER = com.m2.chenms.MHelloNestedTemplateUITests;
				PRODUCT_NAME = "$(TARGET_NAME)";
				TARGETED_DEVICE_FAMILY = "1,2";
				TEST_TARGET_NAME = MHelloNestedTemplate;
			};
			name = Release;
		};
/* End XCBuildConfiguration section */

/* Begin XCConfigurationList section */
		99892B631FB00A6E0075E93A /* Build configuration list for PBXProject "MHelloNestedTemplate" */ = {
			isa = XCConfigurationList;
			buildConfigurations = (
				99892B921FB00A6E0075E93A /* Debug */,
				99892B931FB00A6E0075E93A /* Release */,
			);
			defaultConfigurationIsVisible = 0;
			defaultConfigurationName = Release;
		};
		99892B941FB00A6E0075E93A /* Build configuration list for PBXNativeTarget "MHelloNestedTemplate" */ = {
			isa = XCConfigurationList;
			buildConfigurations = (
				99892B951FB00A6E0075E93A /* Debug */,
				99892B961FB00A6E0075E93A /* Release */,
			);
			defaultConfigurationIsVisible = 0;
			defaultConfigurationName = Release;
		};
		99892B971FB00A6E0075E93A /* Build configuration list for PBXNativeTarget "MHelloNestedTemplateTests" */ = {
			isa = XCConfigurationList;
			buildConfigurations = (
				99892B981FB00A6E0075E93A /* Debug */,
				99892B991FB00A6E0075E93A /* Release */,
			);
			defaultConfigurationIsVisible = 0;
			defaultConfigurationName = Release;
		};
		99892B9A1FB00A6E0075E93A /* Build configuration list for PBXNativeTarget "MHelloNestedTemplateUITests" */ = {
			isa = XCConfigurationList;
			buildConfigurations = (
				99892B9B1FB00A6E0075E93A /* Debug */,
				99892B9C1FB00A6E0075E93A /* Release */,
			);
			defaultConfigurationIsVisible = 0;
			defaultConfigurationName = Release;
		};
/* End XCConfigurationList section */
	};
	rootObject = 99892B601FB00A6E0075E93A /* Project object */;
}
